Microsoft Visual Studio Solution File, Format Version 12.00
# Visual Studio Version 17
VisualStudioVersion = 17.5.2.0
MinimumVisualStudioVersion = 10.0.40219.1
Project("{FAE04EC0-301F-11D3-BF4B-00C04F79EFBC}") = "MyChatbotProject", "MyChatbotProject.csproj", "{FA25B187-AC5B-9E6F-ECF6-81E3B2EBA4BD}"
EndProject
Global
	GlobalSection(SolutionConfigurationPlatforms) = preSolution
		Debug|Any CPU = Debug|Any CPU
		Release|Any CPU = Release|Any CPU
	EndGlobalSection
	GlobalSection(ProjectConfigurationPlatforms) = postSolution
		{FA25B187-AC5B-9E6F-ECF6-81E3B2EBA4BD}.Debug|Any CPU.ActiveCfg = Debug|Any CPU
		{FA25B187-AC5B-9E6F-ECF6-81E3B2EBA4BD}.Debug|Any CPU.Build.0 = Debug|Any CPU
		{FA25B187-AC5B-9E6F-ECF6-81E3B2EBA4BD}.Release|Any CPU.ActiveCfg = Release|Any CPU
		{FA25B187-AC5B-9E6F-ECF6-81E3B2EBA4BD}.Release|Any CPU.Build.0 = Release|Any CPU
	EndGlobalSection
	GlobalSection(SolutionProperties) = preSolution
		HideSolutionNode = FALSE
	EndGlobalSection
	GlobalSection(ExtensibilityGlobals) = postSolution
		SolutionGuid = {B795ACE1-AC68-4F1B-BE78-4D6B08669FD1}
	EndGlobalSection
EndGlobal
